
Microsoft Visual Studio Solution File, Format Version 12.00
# Visual Studio Version 16
VisualStudioVersion = 16.0.28729.10
MinimumVisualStudioVersion = 10.0.40219.1
Project("{FAE04EC0-301F-11D3-BF4B-00C04F79EFBC}") = "NetCrowdDemo", "NetCrowdDemo\NetCrowdDemo.csproj", "{579D0D84-4BE1-46F3-B9D5-7859464EF9C9}"
EndProject
Global
	GlobalSection(SolutionConfigurationPlatforms) = preSolution
		Debug|Any CPU = Debug|Any CPU
		Release|Any CPU = Release|Any CPU
	EndGlobalSection
	GlobalSection(ProjectConfigurationPlatforms) = postSolution
		{579D0D84-4BE1-46F3-B9D5-7859464EF9C9}.Debug|Any CPU.ActiveCfg = Debug|Any CPU
		{579D0D84-4BE1-46F3-B9D5-7859464EF9C9}.Debug|Any CPU.Build.0 = Debug|Any CPU
		{579D0D84-4BE1-46F3-B9D5-7859464EF9C9}.Release|Any CPU.ActiveCfg = Release|Any CPU
		{579D0D84-4BE1-46F3-B9D5-7859464EF9C9}.Release|Any CPU.Build.0 = Release|Any CPU
	EndGlobalSection
	GlobalSection(SolutionProperties) = preSolution
		HideSolutionNode = FALSE
	EndGlobalSection
	GlobalSection(ExtensibilityGlobals) = postSolution
		SolutionGuid = {F0192E08-9EA5-4724-BC7D-C52B471CC2B8}
	EndGlobalSection
EndGlobal
